
Microsoft Visual Studio Solution File, Format Version 12.00
# Visual Studio Version 17
VisualStudioVersion = 17.0.32112.339
MinimumVisualStudioVersion = 10.0.40219.1
Project("{2150E333-8FDC-42A3-9474-1A3956D46DE8}") = "Solution Items", "Solution Items", "{83D9DAFC-02C8-4DFE-A5B4-7933F716DB3F}"
	ProjectSection(SolutionItems) = preProject
		.gitignore = .gitignore
	EndProjectSection
EndProject
Project("{9A19103F-16F7-4668-BE54-9A1E7A4F7556}") = "BL", "BL\BL.csproj", "{3EE9B8E0-5288-4F8E-8BF7-7D00378DB3AF}"
EndProject
Project("{9A19103F-16F7-4668-BE54-9A1E7A4F7556}") = "DL", "DL\DL.csproj", "{C1C43DC8-FE6A-46A4-9E79-9411D7D42723}"
EndProject
Project("{9A19103F-16F7-4668-BE54-9A1E7A4F7556}") = "Models", "Models\Models.csproj", "{59C10727-5B43-41DF-84F3-9DDDD96BD607}"
EndProject
Project("{9A19103F-16F7-4668-BE54-9A1E7A4F7556}") = "Tests", "Tests\Tests.csproj", "{42ED507E-A732-45D4-BBAB-6E650E1E5E10}"
EndProject
Project("{9A19103F-16F7-4668-BE54-9A1E7A4F7556}") = "UnitTests", "UnitTests\UnitTests.csproj", "{8BB2620A-122E-4155-857F-862096E63929}"
EndProject
Project("{9A19103F-16F7-4668-BE54-9A1E7A4F7556}") = "WebAPI", "WebAPI\WebAPI.csproj", "{130C7D5D-6CAF-45CF-A732-3E1C628B4C7C}"
EndProject
Global
	GlobalSection(SolutionConfigurationPlatforms) = preSolution
		Debug|Any CPU = Debug|Any CPU
		Release|Any CPU = Release|Any CPU
	EndGlobalSection
	GlobalSection(ProjectConfigurationPlatforms) = postSolution
		{3EE9B8E0-5288-4F8E-8BF7-7D00378DB3AF}.Debug|Any CPU.ActiveCfg = Debug|Any CPU
		{3EE9B8E0-5288-4F8E-8BF7-7D00378DB3AF}.Debug|Any CPU.Build.0 = Debug|Any CPU
		{3EE9B8E0-5288-4F8E-8BF7-7D00378DB3AF}.Release|Any CPU.ActiveCfg = Release|Any CPU
		{3EE9B8E0-5288-4F8E-8BF7-7D00378DB3AF}.Release|Any CPU.Build.0 = Release|Any CPU
		{C1C43DC8-FE6A-46A4-9E79-9411D7D42723}.Debug|Any CPU.ActiveCfg = Debug|Any CPU
		{C1C43DC8-FE6A-46A4-9E79-9411D7D42723}.Debug|Any CPU.Build.0 = Debug|Any CPU
		{C1C43DC8-FE6A-46A4-9E79-9411D7D42723}.Release|Any CPU.ActiveCfg = Release|Any CPU
		{C1C43DC8-FE6A-46A4-9E79-9411D7D42723}.Release|Any CPU.Build.0 = Release|Any CPU
		{59C10727-5B43-41DF-84F3-9DDDD96BD607}.Debug|Any CPU.ActiveCfg = Debug|Any CPU
		{59C10727-5B43-41DF-84F3-9DDDD96BD607}.Debug|Any CPU.Build.0 = Debug|Any CPU
		{59C10727-5B43-41DF-84F3-9DDDD96BD607}.Release|Any CPU.ActiveCfg = Release|Any CPU
		{59C10727-5B43-41DF-84F3-9DDDD96BD607}.Release|Any CPU.Build.0 = Release|Any CPU
		{42ED507E-A732-45D4-BBAB-6E650E1E5E10}.Debug|Any CPU.ActiveCfg = Debug|Any CPU
		{42ED507E-A732-45D4-BBAB-6E650E1E5E10}.Debug|Any CPU.Build.0 = Debug|Any CPU
		{42ED507E-A732-45D4-BBAB-6E650E1E5E10}.Release|Any CPU.ActiveCfg = Release|Any CPU
		{42ED507E-A732-45D4-BBAB-6E650E1E5E10}.Release|Any CPU.Build.0 = Release|Any CPU
		{8BB2620A-122E-4155-857F-862096E63929}.Debug|Any CPU.ActiveCfg = Debug|Any CPU
		{8BB2620A-122E-4155-857F-862096E63929}.Debug|Any CPU.Build.0 = Debug|Any CPU
		{8BB2620A-122E-4155-857F-862096E63929}.Release|Any CPU.ActiveCfg = Release|Any CPU
		{8BB2620A-122E-4155-857F-862096E63929}.Release|Any CPU.Build.0 = Release|Any CPU
		{130C7D5D-6CAF-45CF-A732-3E1C628B4C7C}.Debug|Any CPU.ActiveCfg = Debug|Any CPU
		{130C7D5D-6CAF-45CF-A732-3E1C628B4C7C}.Debug|Any CPU.Build.0 = Debug|Any CPU
		{130C7D5D-6CAF-45CF-A732-3E1C628B4C7C}.Release|Any CPU.ActiveCfg = Release|Any CPU
		{130C7D5D-6CAF-45CF-A732-3E1C628B4C7C}.Release|Any CPU.Build.0 = Release|Any CPU
	EndGlobalSection
	GlobalSection(SolutionProperties) = preSolution
		HideSolutionNode = FALSE
	EndGlobalSection
	GlobalSection(ExtensibilityGlobals) = postSolution
		SolutionGuid = {24988431-60E1-46B3-A17F-047A8FFE9AC9}
	EndGlobalSection
EndGlobal
